
Microsoft Visual Studio Solution File, Format Version 12.00
# Visual Studio Version 17
VisualStudioVersion = 17.0.32126.317
MinimumVisualStudioVersion = 10.0.40219.1
Project("{FAE04EC0-301F-11D3-BF4B-00C04F79EFBC}") = "VideogamesApi", "VideogamesApi\VideogamesApi.csproj", "{227612FF-3A73-4FEB-94AA-5ABC64592277}"
EndProject
Global
	GlobalSection(SolutionConfigurationPlatforms) = preSolution
		Debug|Any CPU = Debug|Any CPU
		Release|Any CPU = Release|Any CPU
	EndGlobalSection
	GlobalSection(ProjectConfigurationPlatforms) = postSolution
		{227612FF-3A73-4FEB-94AA-5ABC64592277}.Debug|Any CPU.ActiveCfg = Debug|Any CPU
		{227612FF-3A73-4FEB-94AA-5ABC64592277}.Debug|Any CPU.Build.0 = Debug|Any CPU
		{227612FF-3A73-4FEB-94AA-5ABC64592277}.Release|Any CPU.ActiveCfg = Release|Any CPU
		{227612FF-3A73-4FEB-94AA-5ABC64592277}.Release|Any CPU.Build.0 = Release|Any CPU
	EndGlobalSection
	GlobalSection(SolutionProperties) = preSolution
		HideSolutionNode = FALSE
	EndGlobalSection
	GlobalSection(ExtensibilityGlobals) = postSolution
		SolutionGuid = {4556C528-CD52-4BC4-9A59-94D8C3CAD52A}
	EndGlobalSection
EndGlobal
